
Microsoft Visual Studio Solution File, Format Version 12.00
# Visual Studio 14
VisualStudioVersion = 14.0.24720.0
MinimumVisualStudioVersion = 10.0.40219.1
Project("{FAE04EC0-301F-11D3-BF4B-00C04F79EFBC}") = "TfsMigrationUtility.Core", "TfsMigrationUtility.Core\TfsMigrationUtility.Core.csproj", "{729C0EF7-245C-4A39-BE30-3F880961D330}"
EndProject
Project("{2150E333-8FDC-42A3-9474-1A3956D46DE8}") = "02 Core", "02 Core", "{B76E9C87-E310-492A-BE0A-12DDE7967C5C}"
EndProject
Project("{2150E333-8FDC-42A3-9474-1A3956D46DE8}") = "03 UI", "03 UI", "{D63A41D1-508C-4CF4-9B3A-7919B77DC0A7}"
EndProject
Project("{2150E333-8FDC-42A3-9474-1A3956D46DE8}") = "04 Console", "04 Console", "{1E3A22B5-F7E8-4064-83E5-F070F9AFC63A}"
EndProject
Project("{FAE04EC0-301F-11D3-BF4B-00C04F79EFBC}") = "TfsMigrationUtility.CLI", "TfsMigrationUtility.CLI\TfsMigrationUtility.CLI.csproj", "{2E1DCCBB-082C-4E60-B70D-6D22FA30273A}"
EndProject
Project("{FAE04EC0-301F-11D3-BF4B-00C04F79EFBC}") = "TfsMigrationUtility.UI", "TfsMigrationUtility.UI\TfsMigrationUtility.UI.csproj", "{4D05B361-5CA1-496D-828B-7AF8592F0E0C}"
EndProject
Project("{2150E333-8FDC-42A3-9474-1A3956D46DE8}") = "01 BL", "01 BL", "{CDA7D368-AA63-4508-8A86-44AB9F5ABB26}"
EndProject
Project("{FAE04EC0-301F-11D3-BF4B-00C04F79EFBC}") = "TfsMigrationUtility.DomainLogic", "TfsMigrationUtility.DomainLogic\TfsMigrationUtility.DomainLogic.csproj", "{96A4E37F-BD3A-4DF0-89E1-F669553F0BD1}"
EndProject
Project("{FAE04EC0-301F-11D3-BF4B-00C04F79EFBC}") = "TfsMigrationUtility.DomainLogic.Test", "TfsMigrationUtility.DomainLogic.Test\TfsMigrationUtility.DomainLogic.Test.csproj", "{DB5163C3-F703-4AF7-B1F8-4880796F052A}"
EndProject
Global
	GlobalSection(SolutionConfigurationPlatforms) = preSolution
		Debug|Any CPU = Debug|Any CPU
		Release|Any CPU = Release|Any CPU
	EndGlobalSection
	GlobalSection(ProjectConfigurationPlatforms) = postSolution
		{729C0EF7-245C-4A39-BE30-3F880961D330}.Debug|Any CPU.ActiveCfg = Debug|Any CPU
		{729C0EF7-245C-4A39-BE30-3F880961D330}.Debug|Any CPU.Build.0 = Debug|Any CPU
		{729C0EF7-245C-4A39-BE30-3F880961D330}.Release|Any CPU.ActiveCfg = Release|Any CPU
		{729C0EF7-245C-4A39-BE30-3F880961D330}.Release|Any CPU.Build.0 = Release|Any CPU
		{2E1DCCBB-082C-4E60-B70D-6D22FA30273A}.Debug|Any CPU.ActiveCfg = Debug|Any CPU
		{2E1DCCBB-082C-4E60-B70D-6D22FA30273A}.Debug|Any CPU.Build.0 = Debug|Any CPU
		{2E1DCCBB-082C-4E60-B70D-6D22FA30273A}.Release|Any CPU.ActiveCfg = Release|Any CPU
		{2E1DCCBB-082C-4E60-B70D-6D22FA30273A}.Release|Any CPU.Build.0 = Release|Any CPU
		{4D05B361-5CA1-496D-828B-7AF8592F0E0C}.Debug|Any CPU.ActiveCfg = Debug|Any CPU
		{4D05B361-5CA1-496D-828B-7AF8592F0E0C}.Debug|Any CPU.Build.0 = Debug|Any CPU
		{4D05B361-5CA1-496D-828B-7AF8592F0E0C}.Release|Any CPU.ActiveCfg = Release|Any CPU
		{4D05B361-5CA1-496D-828B-7AF8592F0E0C}.Release|Any CPU.Build.0 = Release|Any CPU
		{96A4E37F-BD3A-4DF0-89E1-F669553F0BD1}.Debug|Any CPU.ActiveCfg = Debug|Any CPU
		{96A4E37F-BD3A-4DF0-89E1-F669553F0BD1}.Debug|Any CPU.Build.0 = Debug|Any CPU
		{96A4E37F-BD3A-4DF0-89E1-F669553F0BD1}.Release|Any CPU.ActiveCfg = Release|Any CPU
		{96A4E37F-BD3A-4DF0-89E1-F669553F0BD1}.Release|Any CPU.Build.0 = Release|Any CPU
		{DB5163C3-F703-4AF7-B1F8-4880796F052A}.Debug|Any CPU.ActiveCfg = Debug|Any CPU
		{DB5163C3-F703-4AF7-B1F8-4880796F052A}.Debug|Any CPU.Build.0 = Debug|Any CPU
		{DB5163C3-F703-4AF7-B1F8-4880796F052A}.Release|Any CPU.ActiveCfg = Release|Any CPU
		{DB5163C3-F703-4AF7-B1F8-4880796F052A}.Release|Any CPU.Build.0 = Release|Any CPU
	EndGlobalSection
	GlobalSection(SolutionProperties) = preSolution
		HideSolutionNode = FALSE
	EndGlobalSection
	GlobalSection(NestedProjects) = preSolution
		{729C0EF7-245C-4A39-BE30-3F880961D330} = {B76E9C87-E310-492A-BE0A-12DDE7967C5C}
		{2E1DCCBB-082C-4E60-B70D-6D22FA30273A} = {1E3A22B5-F7E8-4064-83E5-F070F9AFC63A}
		{4D05B361-5CA1-496D-828B-7AF8592F0E0C} = {D63A41D1-508C-4CF4-9B3A-7919B77DC0A7}
		{96A4E37F-BD3A-4DF0-89E1-F669553F0BD1} = {CDA7D368-AA63-4508-8A86-44AB9F5ABB26}
		{DB5163C3-F703-4AF7-B1F8-4880796F052A} = {CDA7D368-AA63-4508-8A86-44AB9F5ABB26}
	EndGlobalSection
EndGlobal
